
Microsoft Visual Studio Solution File, Format Version 12.00
# Visual Studio Version 17
VisualStudioVersion = 17.4.33205.214
MinimumVisualStudioVersion = 10.0.40219.1
Project("{FAE04EC0-301F-11D3-BF4B-00C04F79EFBC}") = "WebSocketServer", "WebSocketServer.csproj", "{FA5761F6-DE27-429F-99AB-8B2ADF6EFF28}"
EndProject
Global
	GlobalSection(SolutionConfigurationPlatforms) = preSolution
		Debug|Any CPU = Debug|Any CPU
		Release|Any CPU = Release|Any CPU
	EndGlobalSection
	GlobalSection(ProjectConfigurationPlatforms) = postSolution
		{FA5761F6-DE27-429F-99AB-8B2ADF6EFF28}.Debug|Any CPU.ActiveCfg = Debug|Any CPU
		{FA5761F6-DE27-429F-99AB-8B2ADF6EFF28}.Debug|Any CPU.Build.0 = Debug|Any CPU
		{FA5761F6-DE27-429F-99AB-8B2ADF6EFF28}.Release|Any CPU.ActiveCfg = Release|Any CPU
		{FA5761F6-DE27-429F-99AB-8B2ADF6EFF28}.Release|Any CPU.Build.0 = Release|Any CPU
	EndGlobalSection
	GlobalSection(SolutionProperties) = preSolution
		HideSolutionNode = FALSE
	EndGlobalSection
	GlobalSection(ExtensibilityGlobals) = postSolution
		SolutionGuid = {F212A321-7E4B-4FAD-8582-7FE970A13176}
	EndGlobalSection
EndGlobal
